
Microsoft Visual Studio Solution File, Format Version 12.00
# Visual Studio 15
VisualStudioVersion = 15.0.28010.2026
MinimumVisualStudioVersion = 10.0.40219.1
Project("{9A19103F-16F7-4668-BE54-9A1E7A4F7556}") = "TaskAppBackend", "TaskAppBackend\TaskAppBackend.csproj", "{3B6C1D52-6FD8-4DAF-9E96-A0D970ED11D3}"
EndProject
Project("{FAE04EC0-301F-11D3-BF4B-00C04F79EFBC}") = "TaskCore", "TaskCore\TaskCore.csproj", "{B5C1F073-2F3B-43F8-B013-99E96B4D362B}"
EndProject
Project("{FAE04EC0-301F-11D3-BF4B-00C04F79EFBC}") = "TaskRepository", "TaskRepository\TaskRepository.csproj", "{17DD9287-67FC-462A-855A-7B0C94B33039}"
EndProject
Global
	GlobalSection(SolutionConfigurationPlatforms) = preSolution
		Debug|Any CPU = Debug|Any CPU
		Release|Any CPU = Release|Any CPU
	EndGlobalSection
	GlobalSection(ProjectConfigurationPlatforms) = postSolution
		{3B6C1D52-6FD8-4DAF-9E96-A0D970ED11D3}.Debug|Any CPU.ActiveCfg = Debug|Any CPU
		{3B6C1D52-6FD8-4DAF-9E96-A0D970ED11D3}.Debug|Any CPU.Build.0 = Debug|Any CPU
		{3B6C1D52-6FD8-4DAF-9E96-A0D970ED11D3}.Release|Any CPU.ActiveCfg = Release|Any CPU
		{3B6C1D52-6FD8-4DAF-9E96-A0D970ED11D3}.Release|Any CPU.Build.0 = Release|Any CPU
		{B5C1F073-2F3B-43F8-B013-99E96B4D362B}.Debug|Any CPU.ActiveCfg = Debug|Any CPU
		{B5C1F073-2F3B-43F8-B013-99E96B4D362B}.Debug|Any CPU.Build.0 = Debug|Any CPU
		{B5C1F073-2F3B-43F8-B013-99E96B4D362B}.Release|Any CPU.ActiveCfg = Release|Any CPU
		{B5C1F073-2F3B-43F8-B013-99E96B4D362B}.Release|Any CPU.Build.0 = Release|Any CPU
		{17DD9287-67FC-462A-855A-7B0C94B33039}.Debug|Any CPU.ActiveCfg = Debug|Any CPU
		{17DD9287-67FC-462A-855A-7B0C94B33039}.Debug|Any CPU.Build.0 = Debug|Any CPU
		{17DD9287-67FC-462A-855A-7B0C94B33039}.Release|Any CPU.ActiveCfg = Release|Any CPU
		{17DD9287-67FC-462A-855A-7B0C94B33039}.Release|Any CPU.Build.0 = Release|Any CPU
	EndGlobalSection
	GlobalSection(SolutionProperties) = preSolution
		HideSolutionNode = FALSE
	EndGlobalSection
	GlobalSection(ExtensibilityGlobals) = postSolution
		SolutionGuid = {D080901A-8A7A-4EF2-B88C-DF0A8807F3D3}
	EndGlobalSection
EndGlobal
